{
  "name": "Arc Network Agentic Economy Hub",
  "description": "A production-ready dashboard for the Arc Network ecosystem, featuring Circle Developer-Controlled Wallets integration, ERC-8183 escrow management, and real-time network monitoring.",
  "requestFramePermissions": [],
  "majorCapabilities": []
}
